
Microsoft Visual Studio Solution File, Format Version 12.00
# Visual Studio Version 17
VisualStudioVersion = 17.5.002.0
MinimumVisualStudioVersion = 10.0.40219.1
Project("{9A19103F-16F7-4668-BE54-9A1E7A4F7556}") = "DesafioProjetoHospedagem", "DesafioProjetoHospedagem.csproj", "{682795B7-F815-44F5-B46F-88DA3DDDFD9A}"
EndProject
Global
	GlobalSection(SolutionConfigurationPlatforms) = preSolution
		Debug|Any CPU = Debug|Any CPU
		Release|Any CPU = Release|Any CPU
	EndGlobalSection
	GlobalSection(ProjectConfigurationPlatforms) = postSolution
		{682795B7-F815-44F5-B46F-88DA3DDDFD9A}.Debug|Any CPU.ActiveCfg = Debug|Any CPU
		{682795B7-F815-44F5-B46F-88DA3DDDFD9A}.Debug|Any CPU.Build.0 = Debug|Any CPU
		{682795B7-F815-44F5-B46F-88DA3DDDFD9A}.Release|Any CPU.ActiveCfg = Release|Any CPU
		{682795B7-F815-44F5-B46F-88DA3DDDFD9A}.Release|Any CPU.Build.0 = Release|Any CPU
	EndGlobalSection
	GlobalSection(SolutionProperties) = preSolution
		HideSolutionNode = FALSE
	EndGlobalSection
	GlobalSection(ExtensibilityGlobals) = postSolution
		SolutionGuid = {366ECCC7-A20B-42D1-BBA5-5009D57F5DE6}
	EndGlobalSection
EndGlobal
